
Microsoft Visual Studio Solution File, Format Version 12.00
# Visual Studio Version 17
VisualStudioVersion = 17.14.36202.13 d17.14
MinimumVisualStudioVersion = 10.0.40219.1
Project("{F2A71F9B-5D33-465A-A702-920D77279786}") = "ConsoleApp1", "ConsoleApp1\ConsoleApp1.fsproj", "{B456E1DB-2C00-4BE3-8AA3-A284B4AFD7E4}"
EndProject
Global
	GlobalSection(SolutionConfigurationPlatforms) = preSolution
		Debug|Any CPU = Debug|Any CPU
		Release|Any CPU = Release|Any CPU
	EndGlobalSection
	GlobalSection(ProjectConfigurationPlatforms) = postSolution
		{B456E1DB-2C00-4BE3-8AA3-A284B4AFD7E4}.Debug|Any CPU.ActiveCfg = Debug|Any CPU
		{B456E1DB-2C00-4BE3-8AA3-A284B4AFD7E4}.Debug|Any CPU.Build.0 = Debug|Any CPU
		{B456E1DB-2C00-4BE3-8AA3-A284B4AFD7E4}.Release|Any CPU.ActiveCfg = Release|Any CPU
		{B456E1DB-2C00-4BE3-8AA3-A284B4AFD7E4}.Release|Any CPU.Build.0 = Release|Any CPU
	EndGlobalSection
	GlobalSection(SolutionProperties) = preSolution
		HideSolutionNode = FALSE
	EndGlobalSection
	GlobalSection(ExtensibilityGlobals) = postSolution
		SolutionGuid = {64CD259A-44FE-43B2-A93E-3A4E222C64BC}
	EndGlobalSection
EndGlobal
